
Microsoft Visual Studio Solution File, Format Version 12.00
# Visual Studio Version 16
VisualStudioVersion = 16.0.30413.136
MinimumVisualStudioVersion = 10.0.40219.1
Project("{FAE04EC0-301F-11D3-BF4B-00C04F79EFBC}") = "InvoiceAPI", "InvoiceAPI\InvoiceAPI.csproj", "{7A522091-D885-4D1F-BB47-A4D5A84F7578}"
EndProject
Global
	GlobalSection(SolutionConfigurationPlatforms) = preSolution
		Debug|Any CPU = Debug|Any CPU
		Release|Any CPU = Release|Any CPU
	EndGlobalSection
	GlobalSection(ProjectConfigurationPlatforms) = postSolution
		{7A522091-D885-4D1F-BB47-A4D5A84F7578}.Debug|Any CPU.ActiveCfg = Debug|Any CPU
		{7A522091-D885-4D1F-BB47-A4D5A84F7578}.Debug|Any CPU.Build.0 = Debug|Any CPU
		{7A522091-D885-4D1F-BB47-A4D5A84F7578}.Release|Any CPU.ActiveCfg = Release|Any CPU
		{7A522091-D885-4D1F-BB47-A4D5A84F7578}.Release|Any CPU.Build.0 = Release|Any CPU
	EndGlobalSection
	GlobalSection(SolutionProperties) = preSolution
		HideSolutionNode = FALSE
	EndGlobalSection
	GlobalSection(ExtensibilityGlobals) = postSolution
		SolutionGuid = {7B8425D0-A973-47C1-A3E4-0EFE2FA6E850}
	EndGlobalSection
EndGlobal
